
Microsoft Visual Studio Solution File, Format Version 12.00
# Visual Studio Version 16
VisualStudioVersion = 16.0.30204.135
MinimumVisualStudioVersion = 10.0.40219.1
Project("{FAE04EC0-301F-11D3-BF4B-00C04F79EFBC}") = "AsynchronousProgramming", "AsynchronousProgramming\AsynchronousProgramming.csproj", "{18158270-EB95-4F92-8433-0E7448D34399}"
EndProject
Global
	GlobalSection(SolutionConfigurationPlatforms) = preSolution
		Debug|Any CPU = Debug|Any CPU
		Release|Any CPU = Release|Any CPU
	EndGlobalSection
	GlobalSection(ProjectConfigurationPlatforms) = postSolution
		{18158270-EB95-4F92-8433-0E7448D34399}.Debug|Any CPU.ActiveCfg = Debug|Any CPU
		{18158270-EB95-4F92-8433-0E7448D34399}.Debug|Any CPU.Build.0 = Debug|Any CPU
		{18158270-EB95-4F92-8433-0E7448D34399}.Release|Any CPU.ActiveCfg = Release|Any CPU
		{18158270-EB95-4F92-8433-0E7448D34399}.Release|Any CPU.Build.0 = Release|Any CPU
	EndGlobalSection
	GlobalSection(SolutionProperties) = preSolution
		HideSolutionNode = FALSE
	EndGlobalSection
	GlobalSection(ExtensibilityGlobals) = postSolution
		SolutionGuid = {C541A302-3F16-49BA-809C-659520D50116}
	EndGlobalSection
EndGlobal
